github.com/Azure/azure-sdk-for-go/sdk/azcore v1.7.0 h1:8q4SaHjFsClSvuVne0ID/5Ka8u3fcIHyqkLjcFpNRHQ=
github.com/Azure/azure-sdk-for-go/sdk/azcore v1.7.0/go.mod h1:bjGvMhVMb+EEm3VRNQawDMUyMMjo+S5ewNjflkep/0Q=
github.com/Azure/azure-sdk-for-go/sdk/azidentity v1.3.0 h1:vcYCAze6p19qBW7MhZybIsqD8sMV8js0NyQM8JDnVtg=
github.com/Azure/azure-sdk-for-go/sdk/azidentity v1.3.0/go.mod h1:OQeznEEkTZ9OrhHJoDD8ZDq51FHgXjqtP9z6bEwBq9U=
github.com/Azure/azure-sdk-for-go/sdk/internal v1.3.0 h1:sXr+ck84g/ZlZUOZiNELInmMgOsuGwdjjVkEIde0OtY=
github.com/Azure/azure-sdk-for-go/sdk/internal v1.3.0/go.mod h1:okt5dMMTOFjX/aovMlrjvvXoPMBVSPzk9185BT0+eZM=
github.com/Azure/azure-sdk-for-go/sdk/resourcemanager/authorization/armauthorization/v2 v2.1.1 h1:6A4M8smF+y8nM/DYsLNQz9n7n2ZGaEVqfz8ZWQirQkI=
github.com/Azure/azure-sdk-for-go/sdk/resourcemanager/authorization/armauthorization/v2 v2.1.1/go.mod h1:WqyxV5S0VtXD2+2d6oPqOvyhGubCvzLCKSAKgQ004Uk=
github.com/Azure/azure-sdk-for-go/sdk/resourcemanager/containerregistry/armcontainerregistry v1.0.0 h1:UuDNFPr44qr9eFQF2sv2WpwSGJlvZroSMsI3A4YtQMc=
github.com/Azure/azure-sdk-for-go/sdk/resourcemanager/containerregistry/armcontainerregistry v1.0.0/go.mod h1:tOckqrJq0CXsb/AlUYCdD7DqpULgOaexk+5rz+isAjM=
github.com/Azure/azure-sdk-for-go/sdk/resourcemanager/containerservice/armcontainerservice/v2 v2.4.0 h1:1u/K2BFv0MwkG6he8RYuUcbbeK22rkoZbg4lKa/msZU=
github.com/Azure/azure-sdk-for-go/sdk/resourcemanager/containerservice/armcontainerservice/v2 v2.4.0/go.mod h1:U5gpsREQZE6SLk1t/cFfc1eMhYAlYpEzvaYXuDfefy8=
github.com/Azure/azure-sdk-for-go/sdk/resourcemanager/dns/armdns v1.1.0 h1:8iR6OLffWWorFdzL2JFCab5xpD8VKEE2DUBBl+HNTDY=
github.com/Azure/azure-sdk-for-go/sdk/resourcemanager/dns/armdns v1.1.0/go.mod h1:copqlcjMWc/wgQ1N2fzsJFQxDdqKGg1EQt8T5wJMOGE=
github.com/Azure/azure-sdk-for-go/sdk/resourcemanager/internal v1.1.2 h1:mLY+pNLjCUeKhgnAJWAKhEUQM+RJQo2H1fuGSw1Ky1E=
github.com/Azure/azure-sdk-for-go/sdk/resourcemanager/keyvault/armkeyvault v1.2.0 h1:8d4U82r7ItT1Es91x3eUcAQweih36KWvUha8AZ9X0Rs=
github.com/Azure/azure-sdk-for-go/sdk/resourcemanager/keyvault/armkeyvault v1.2.0/go.mod h1:/1bkGperHinQbAHMWivoec/Ucu6//iXo6jn5mhmqCVU=
github.com/Azure/azure-sdk-for-go/sdk/resourcemanager/managementgroups/armmanagementgroups v1.0.0 h1:pPvTJ1dY0sA35JOeFq6TsY2xj6Z85Yo23Pj4wCCvu4o=
github.com/Azure/azure-sdk-for-go/sdk/resourcemanager/network/armnetwork v1.1.0 h1:QM6sE5k2ZT/vI5BEe0r7mqjsUSnhVBFbOsVkEuaEfiA=
github.com/Azure/azure-sdk-for-go/sdk/resourcemanager/network/armnetwork v1.1.0/go.mod h1:243D9iHbcQXoFUtgHJwL7gl2zx1aDuDMjvBZVGr2uW0=
github.com/Azure/azure-sdk-for-go/sdk/resourcemanager/privatedns/armprivatedns v1.1.0 h1:rR8ZW79lE/ppfXTfiYSnMFv5EzmVuY4pfZWIkscIJ64=
github.com/Azure/azure-sdk-for-go/sdk/resourcemanager/privatedns/armprivatedns v1.1.0/go.mod h1:y2zXtLSMM/X5Mfawq0lOftpWn3f4V6OCsRdINsvWBPI=
github.com/Azure/azure-sdk-for-go/sdk/resourcemanager/resources/armresources v1.1.1 h1:7CBQ+Ei8SP2c6ydQTGCCrS35bDxgTMfoP2miAwK++OU=
github.com/Azure/azure-sdk-for-go/sdk/resourcemanager/resources/armresources v1.1.1/go.mod h1:c/wcGeGx5FUPbM/JltUYHZcKmigwyVLJlDq+4HdtXaw=
github.com/Azure/azure-sdk-for-go/sdk/security/keyvault/azcertificates v0.11.0 h1:gTHF2LPEPSA8FxDveS39K0HDrwuU4XjxYaiFl43HiqY=
github.com/Azure/azure-sdk-for-go/sdk/security/keyvault/azcertificates v0.11.0/go.mod h1:bvmRiW3fDkweB1flbAcgBDUSmNOjQFU/X1LmLrZFR6M=
github.com/Azure/azure-sdk-for-go/sdk/security/keyvault/internal v0.8.0 h1:T028gtTPiYt/RMUfs8nVsAL7FDQrfLlrm/NnRG/zcC4=
github.com/Azure/azure-sdk-for-go/sdk/security/keyvault/internal v0.8.0/go.mod h1:cw4zVQgBby0Z5f2v0itn6se2dDP17nTjbZFXW5uPyHA=
github.com/AzureAD/microsoft-authentication-library-for-go v1.0.0 h1:OBhqkivkhkMqLPymWEppkm7vgPQY2XsHoEkaMQ0AdZY=
github.com/AzureAD/microsoft-authentication-library-for-go v1.0.0/go.mod h1:kgDmCTgBzIEPFElEF+FK0SdjAor06dRq2Go927dnQ6o=
github.com/cpuguy83/go-md2man/v2 v2.0.2/go.mod h1:tgQtvFlXSQOSOSIRvRPT7W67SCa46tRHOmNcaadrF8o=
github.com/davecgh/go-spew v1.1.2-0.20180830191138-d8f796af33cc h1:U9qPSI2PIWSS1VwoXQT9A3Wy9MM3WgvqSxFWenqJduM=
github.com/davecgh/go-spew v1.1.2-0.20180830191138-d8f796af33cc/go.mod h1:J7Y8YcW2NihsgmVo/mv3lAwl/skON4iLHjSsI+c5H38=
github.com/dnaeon/go-vcr v1.2.0 h1:zHCHvJYTMh1N7xnV7zf1m1GPBF9Ad0Jk/whtQ1663qI=
github.com/golang-jwt/jwt/v4 v4.5.0 h1:7cYmW1XlMY7h7ii7UhUyChSgS5wUJEnm9uZVTGqOWzg=
github.com/golang-jwt/jwt/v4 v4.5.0/go.mod h1:m21LjoU+eqJr34lmDMbreY2eSTRJ1cv77w39/MY0Ch0=
github.com/google/uuid v1.3.0 h1:t6JiXgmwXMjEs8VusXIJk2BXHsn+wx8BZdTaoZ5fu7I=
github.com/google/uuid v1.3.0/go.mod h1:TIyPZe4MgqvfeYDBFedMoGGpEw/LqOeaOT+nhxU+yHo=
github.com/inconshreveable/mousetrap v1.1.0 h1:wN+x4NVGpMsO7ErUn/mUI3vEoE6Jt13X2s0bqwp9tc8=
github.com/inconshreveable/mousetrap v1.1.0/go.mod h1:vpF70FUmC8bwa3OWnCshd2FqLfsEA9PFc4w1p2J65bw=
github.com/kylelemons/godebug v1.1.0 h1:RPNrshWIDI6G2gRW9EHilWtl7Z6Sb1BR0xunSBf0SNc=
github.com/kylelemons/godebug v1.1.0/go.mod h1:9/0rRGxNHcop5bhtWyNeEfOS8JIWk580+fNqagV/RAw=
github.com/pkg/browser v0.0.0-20210911075715-681adbf594b8 h1:KoWmjvw+nsYOo29YJK9vDA65RGE3NrOnUtO7a+RF9HU=
github.com/pkg/browser v0.0.0-20210911075715-681adbf594b8/go.mod h1:HKlIX3XHQyzLZPlr7++PzdhaXEj94dEiJgZDTsxEqUI=
github.com/pmezard/go-difflib v1.0.1-0.20181226105442-5d4384ee4fb2 h1:Jamvg5psRIccs7FGNTlIRMkT8wgtp5eCXdBlqhYGL6U=
github.com/pmezard/go-difflib v1.0.1-0.20181226105442-5d4384ee4fb2/go.mod h1:iKH77koFhYxTK1pcRnkKkqfTogsbg7gZNVY4sRDYZ/4=
github.com/russross/blackfriday/v2 v2.1.0/go.mod h1:+Rmxgy9KzJVeS9/2gXHxylqXiyQDYRxCVz55jmeOWTM=
github.com/spf13/cobra v1.7.0 h1:hyqWnYt1ZQShIddO5kBpj3vu05/++x6tJ6dg8EC572I=
github.com/spf13/cobra v1.7.0/go.mod h1:uLxZILRyS/50WlhOIKD7W6V5bgeIt+4sICxh6uRMrb0=
github.com/spf13/pflag v1.0.5 h1:iy+VFUOCP1a+8yFto/drg2CJ5u0yRoB7fZw3DKv/JXA=
github.com/spf13/pflag v1.0.5/go.mod h1:McXfInJRrz4CZXVZOBLb0bTZqETkiAhM9Iw0y3An2Bg=
github.com/stretchr/testify v1.8.4 h1:CcVxjf3Q8PM0mHUKJCdn+eZZtm5yQwehR5yeSVQQcUk=
golang.org/x/crypto v0.9.0 h1:LF6fAI+IutBocDJ2OT0Q1g8plpYljMZ4+lty+dsqw3g=
golang.org/x/crypto v0.9.0/go.mod h1:yrmDGqONDYtNj3tH8X9dzUun2m2lzPa9ngI6/RUPGR0=
golang.org/x/exp v0.0.0-20230713183714-613f0c0eb8a1 h1:MGwJjxBy0HJshjDNfLsYO8xppfqWlA5ZT9OhtUUhTNw=
golang.org/x/exp v0.0.0-20230713183714-613f0c0eb8a1/go.mod h1:FXUEEKJgO7OQYeo8N01OfiKP8RXMtf6e8aTskBGqWdc=
golang.org/x/net v0.10.0 h1:X2//UzNDwYmtCLn7To6G58Wr6f5ahEAQgKNzv9Y951M=
golang.org/x/net v0.10.0/go.mod h1:0qNGK6F8kojg2nk9dLZ2mShWaEBan6FAoqfSigmmuDg=
golang.org/x/sync v0.3.0 h1:ftCYgMx6zT/asHUrPw8BLLscYtGznsLAnjq5RH9P66E=
golang.org/x/sync v0.3.0/go.mod h1:FU7BRWz2tNW+3quACPkgCx/L+uEAv1htQ0V83Z9Rj+Y=
golang.org/x/sys v0.0.0-20210616045830-e2b7044e8c71/go.mod h1:oPkhp1MJrh7nUepCBck5+mAzfO9JrbApNNgaTdGDITg=
golang.org/x/sys v0.8.0 h1:EBmGv8NaZBZTWvrbjNoL6HVt+IVy3QDQpJs7VRIw3tU=
golang.org/x/sys v0.8.0/go.mod h1:oPkhp1MJrh7nUepCBck5+mAzfO9JrbApNNgaTdGDITg=
golang.org/x/text v0.9.0 h1:2sjJmO8cDvYveuX97RDLsxlyUxLl+GHoLxBiRdHllBE=
golang.org/x/text v0.9.0/go.mod h1:e1OnstbJyHTd6l/uOt8jFFHp6TRDWZR/bV3emEE/zU8=
gopkg.in/check.v1 v0.0.0-20161208181325-20d25e280405/go.mod h1:Co6ibVJAznAaIkqp8huTwlJQCZ016jof/cbN4VW5Yz0=
gopkg.in/yaml.v2 v2.4.0 h1:D8xgwECY7CYvx+Y2n4sBz93Jn9JRvxdiyyo8CTfuKaY=
gopkg.in/yaml.v3 v3.0.1 h1:fxVm/GzAzEWqLHuvctI91KS9hhNmmWOoWu0XTYJS7CA=
gopkg.in/yaml.v3 v3.0.1/go.mod h1:K4uyk7z7BCEPqu6E+C64Yfv1cQ7kz7rIZviUmN+EgEM=
